
Microsoft Visual Studio Solution File, Format Version 12.00
# Visual Studio Version 16
VisualStudioVersion = 16.0.31025.194
MinimumVisualStudioVersion = 10.0.40219.1
Project("{FAE04EC0-301F-11D3-BF4B-00C04F79EFBC}") = "TestWeb", "TestWeb\TestWeb.csproj", "{AC36C1AB-892A-4527-B467-30F19EA3ED19}"
EndProject
Global
	GlobalSection(SolutionConfigurationPlatforms) = preSolution
		Debug|Any CPU = Debug|Any CPU
		Release|Any CPU = Release|Any CPU
	EndGlobalSection
	GlobalSection(ProjectConfigurationPlatforms) = postSolution
		{AC36C1AB-892A-4527-B467-30F19EA3ED19}.Debug|Any CPU.ActiveCfg = Debug|Any CPU
		{AC36C1AB-892A-4527-B467-30F19EA3ED19}.Debug|Any CPU.Build.0 = Debug|Any CPU
		{AC36C1AB-892A-4527-B467-30F19EA3ED19}.Release|Any CPU.ActiveCfg = Release|Any CPU
		{AC36C1AB-892A-4527-B467-30F19EA3ED19}.Release|Any CPU.Build.0 = Release|Any CPU
	EndGlobalSection
	GlobalSection(SolutionProperties) = preSolution
		HideSolutionNode = FALSE
	EndGlobalSection
	GlobalSection(ExtensibilityGlobals) = postSolution
		SolutionGuid = {49CF3FC5-41F9-4491-8BB3-EC93E974AA6C}
	EndGlobalSection
EndGlobal
